
Microsoft Visual Studio Solution File, Format Version 12.00
# Visual Studio Version 16
VisualStudioVersion = 16.0.32002.261
MinimumVisualStudioVersion = 10.0.40219.1
Project("{FAE04EC0-301F-11D3-BF4B-00C04F79EFBC}") = "RabotaSem13", "RabotaSem13.csproj", "{C1FC97FB-6C99-4CC7-898C-FEC2CB6D2C8A}"
EndProject
Project("{FAE04EC0-301F-11D3-BF4B-00C04F79EFBC}") = "UnitTestProject1", "UnitTestProject1\UnitTestProject1.csproj", "{F9C5ACF2-D9FA-4A4D-841A-0CA4BF2CE0CD}"
EndProject
Global
	GlobalSection(SolutionConfigurationPlatforms) = preSolution
		Debug|Any CPU = Debug|Any CPU
		Release|Any CPU = Release|Any CPU
	EndGlobalSection
	GlobalSection(ProjectConfigurationPlatforms) = postSolution
		{C1FC97FB-6C99-4CC7-898C-FEC2CB6D2C8A}.Debug|Any CPU.ActiveCfg = Debug|Any CPU
		{C1FC97FB-6C99-4CC7-898C-FEC2CB6D2C8A}.Debug|Any CPU.Build.0 = Debug|Any CPU
		{C1FC97FB-6C99-4CC7-898C-FEC2CB6D2C8A}.Release|Any CPU.ActiveCfg = Release|Any CPU
		{C1FC97FB-6C99-4CC7-898C-FEC2CB6D2C8A}.Release|Any CPU.Build.0 = Release|Any CPU
		{F9C5ACF2-D9FA-4A4D-841A-0CA4BF2CE0CD}.Debug|Any CPU.ActiveCfg = Debug|Any CPU
		{F9C5ACF2-D9FA-4A4D-841A-0CA4BF2CE0CD}.Debug|Any CPU.Build.0 = Debug|Any CPU
		{F9C5ACF2-D9FA-4A4D-841A-0CA4BF2CE0CD}.Release|Any CPU.ActiveCfg = Release|Any CPU
		{F9C5ACF2-D9FA-4A4D-841A-0CA4BF2CE0CD}.Release|Any CPU.Build.0 = Release|Any CPU
	EndGlobalSection
	GlobalSection(SolutionProperties) = preSolution
		HideSolutionNode = FALSE
	EndGlobalSection
	GlobalSection(ExtensibilityGlobals) = postSolution
		SolutionGuid = {2477B3F9-7C87-4843-89C3-2B79E0AD1A49}
	EndGlobalSection
EndGlobal
